
Microsoft Visual Studio Solution File, Format Version 12.00
# Visual Studio Version 16
VisualStudioVersion = 16.0.29102.190
MinimumVisualStudioVersion = 10.0.40219.1
Project("{FAE04EC0-301F-11D3-BF4B-00C04F79EFBC}") = "УП Matrix Algebra", "УП Matrix Algebra\УП Matrix Algebra.csproj", "{53AEA924-F233-46B7-8BB5-8266497158F5}"
EndProject
Global
	GlobalSection(SolutionConfigurationPlatforms) = preSolution
		Debug|Any CPU = Debug|Any CPU
		Release|Any CPU = Release|Any CPU
	EndGlobalSection
	GlobalSection(ProjectConfigurationPlatforms) = postSolution
		{53AEA924-F233-46B7-8BB5-8266497158F5}.Debug|Any CPU.ActiveCfg = Debug|Any CPU
		{53AEA924-F233-46B7-8BB5-8266497158F5}.Debug|Any CPU.Build.0 = Debug|Any CPU
		{53AEA924-F233-46B7-8BB5-8266497158F5}.Release|Any CPU.ActiveCfg = Release|Any CPU
		{53AEA924-F233-46B7-8BB5-8266497158F5}.Release|Any CPU.Build.0 = Release|Any CPU
	EndGlobalSection
	GlobalSection(SolutionProperties) = preSolution
		HideSolutionNode = FALSE
	EndGlobalSection
	GlobalSection(ExtensibilityGlobals) = postSolution
		SolutionGuid = {4673FAF5-1EE5-44C0-B855-CD91017221E8}
	EndGlobalSection
EndGlobal
